
Microsoft Visual Studio Solution File, Format Version 12.00
Project("{FAE04EC0-301F-11D3-BF4B-00C04F79EFBC}") = "MessageService.Api", "MessageService.Api\MessageService.Api.csproj", "{6207ABA5-F66B-4E4C-8556-3A0B90ECBA87}"
EndProject
Project("{FAE04EC0-301F-11D3-BF4B-00C04F79EFBC}") = "MessageService.Application", "MessageService.Application\MessageService.Application.csproj", "{9B629BCA-5554-477F-8A2C-6649A99EF138}"
EndProject
Global
	GlobalSection(SolutionConfigurationPlatforms) = preSolution
		Debug|Any CPU = Debug|Any CPU
		Release|Any CPU = Release|Any CPU
	EndGlobalSection
	GlobalSection(ProjectConfigurationPlatforms) = postSolution
		{6207ABA5-F66B-4E4C-8556-3A0B90ECBA87}.Debug|Any CPU.ActiveCfg = Debug|Any CPU
		{6207ABA5-F66B-4E4C-8556-3A0B90ECBA87}.Debug|Any CPU.Build.0 = Debug|Any CPU
		{6207ABA5-F66B-4E4C-8556-3A0B90ECBA87}.Release|Any CPU.ActiveCfg = Release|Any CPU
		{6207ABA5-F66B-4E4C-8556-3A0B90ECBA87}.Release|Any CPU.Build.0 = Release|Any CPU
		{9B629BCA-5554-477F-8A2C-6649A99EF138}.Debug|Any CPU.ActiveCfg = Debug|Any CPU
		{9B629BCA-5554-477F-8A2C-6649A99EF138}.Debug|Any CPU.Build.0 = Debug|Any CPU
		{9B629BCA-5554-477F-8A2C-6649A99EF138}.Release|Any CPU.ActiveCfg = Release|Any CPU
		{9B629BCA-5554-477F-8A2C-6649A99EF138}.Release|Any CPU.Build.0 = Release|Any CPU
	EndGlobalSection
EndGlobal
