
Microsoft Visual Studio Solution File, Format Version 12.00
Project("{FAE04EC0-301F-11D3-BF4B-00C04F79EFBC}") = "AuthService.Application", "AuthService.Application\AuthService.Application.csproj", "{7A52C352-62B4-45CE-99D4-493100D4C29E}"
EndProject
Project("{FAE04EC0-301F-11D3-BF4B-00C04F79EFBC}") = "AuthService.Api", "AuthService.Api\AuthService.Api.csproj", "{EBCA0E6F-DE42-4608-BA41-15F7649D366F}"
EndProject
Project("{FAE04EC0-301F-11D3-BF4B-00C04F79EFBC}") = "AuthService.Tests", "AuthService.Tests\AuthService.Tests.csproj", "{D0313D0A-F920-4549-82C9-ED305D0D609D}"
EndProject
Project("{FAE04EC0-301F-11D3-BF4B-00C04F79EFBC}") = "Shared.Contracts", "..\Shared\Shared.Contracts\Shared.Contracts.csproj", "{0644B3AB-6003-4E20-95C4-FD0DEA65FC64}"
EndProject
Global
	GlobalSection(SolutionConfigurationPlatforms) = preSolution
		Debug|Any CPU = Debug|Any CPU
		Release|Any CPU = Release|Any CPU
	EndGlobalSection
	GlobalSection(ProjectConfigurationPlatforms) = postSolution
		{7A52C352-62B4-45CE-99D4-493100D4C29E}.Debug|Any CPU.ActiveCfg = Debug|Any CPU
		{7A52C352-62B4-45CE-99D4-493100D4C29E}.Debug|Any CPU.Build.0 = Debug|Any CPU
		{7A52C352-62B4-45CE-99D4-493100D4C29E}.Release|Any CPU.ActiveCfg = Release|Any CPU
		{7A52C352-62B4-45CE-99D4-493100D4C29E}.Release|Any CPU.Build.0 = Release|Any CPU
		{EBCA0E6F-DE42-4608-BA41-15F7649D366F}.Debug|Any CPU.ActiveCfg = Debug|Any CPU
		{EBCA0E6F-DE42-4608-BA41-15F7649D366F}.Debug|Any CPU.Build.0 = Debug|Any CPU
		{EBCA0E6F-DE42-4608-BA41-15F7649D366F}.Release|Any CPU.ActiveCfg = Release|Any CPU
		{EBCA0E6F-DE42-4608-BA41-15F7649D366F}.Release|Any CPU.Build.0 = Release|Any CPU
		{D0313D0A-F920-4549-82C9-ED305D0D609D}.Debug|Any CPU.ActiveCfg = Debug|Any CPU
		{D0313D0A-F920-4549-82C9-ED305D0D609D}.Debug|Any CPU.Build.0 = Debug|Any CPU
		{D0313D0A-F920-4549-82C9-ED305D0D609D}.Release|Any CPU.ActiveCfg = Release|Any CPU
		{D0313D0A-F920-4549-82C9-ED305D0D609D}.Release|Any CPU.Build.0 = Release|Any CPU
		{0644B3AB-6003-4E20-95C4-FD0DEA65FC64}.Debug|Any CPU.ActiveCfg = Debug|Any CPU
		{0644B3AB-6003-4E20-95C4-FD0DEA65FC64}.Debug|Any CPU.Build.0 = Debug|Any CPU
		{0644B3AB-6003-4E20-95C4-FD0DEA65FC64}.Release|Any CPU.ActiveCfg = Release|Any CPU
		{0644B3AB-6003-4E20-95C4-FD0DEA65FC64}.Release|Any CPU.Build.0 = Release|Any CPU
	EndGlobalSection
EndGlobal
